{
  "version": 4,
  "terraform_version": "1.14.8",
  "serial": 3,
  "lineage": "cb7e1724-c860-961c-fb56-c14b444547ec",
  "outputs": {
    "created_users": {
      "value": [
        "alice-dev",
        "bob-dev",
        "charlie-dev"
      ],
      "type": [
        "tuple",
        [
          "string",
          "string",
          "string"
        ]
      ]
    }
  },
  "resources": [
    {
      "mode": "managed",
      "type": "aws_iam_user",
      "name": "employees",
      "provider": "provider[\"registry.terraform.io/hashicorp/aws\"]",
      "instances": [
        {
          "index_key": 0,
          "schema_version": 0,
          "attributes": {
            "arn": "arn:aws:iam::835637956758:user/alice-dev",
            "force_destroy": false,
            "id": "alice-dev",
            "name": "alice-dev",
            "path": "/",
            "permissions_boundary": "",
            "tags": {
              "Department": "Engineering",
              "ManagedBy": "Terraform",
              "Project": "MindfulMe"
            },
            "tags_all": {
              "Department": "Engineering",
              "ManagedBy": "Terraform",
              "Project": "MindfulMe"
            },
            "unique_id": "AIDA4FD7HKCLFUA4NN3RH"
          },
          "sensitive_attributes": [],
          "identity_schema_version": 0,
          "identity": {
            "account_id": "835637956758",
            "name": "alice-dev"
          },
          "private": "bnVsbA=="
        },
        {
          "index_key": 1,
          "schema_version": 0,
          "attributes": {
            "arn": "arn:aws:iam::835637956758:user/bob-dev",
            "force_destroy": false,
            "id": "bob-dev",
            "name": "bob-dev",
            "path": "/",
            "permissions_boundary": "",
            "tags": {
              "Department": "Engineering",
              "ManagedBy": "Terraform",
              "Project": "MindfulMe"
            },
            "tags_all": {
              "Department": "Engineering",
              "ManagedBy": "Terraform",
              "Project": "MindfulMe"
            },
            "unique_id": "AIDA4FD7HKCLF2P3X5PMV"
          },
          "sensitive_attributes": [],
          "identity_schema_version": 0,
          "identity": {
            "account_id": "835637956758",
            "name": "bob-dev"
          },
          "private": "bnVsbA=="
        },
        {
          "index_key": 2,
          "schema_version": 0,
          "attributes": {
            "arn": "arn:aws:iam::835637956758:user/charlie-dev",
            "force_destroy": false,
            "id": "charlie-dev",
            "name": "charlie-dev",
            "path": "/",
            "permissions_boundary": "",
            "tags": {
              "Department": "Engineering",
              "ManagedBy": "Terraform",
              "Project": "MindfulMe"
            },
            "tags_all": {
              "Department": "Engineering",
              "ManagedBy": "Terraform",
              "Project": "MindfulMe"
            },
            "unique_id": "AIDA4FD7HKCLILAIUPGCQ"
          },
          "sensitive_attributes": [],
          "identity_schema_version": 0,
          "identity": {
            "account_id": "835637956758",
            "name": "charlie-dev"
          },
          "private": "bnVsbA=="
        }
      ]
    }
  ],
  "check_results": null
}
